# THIS IS AN AUTOGENERATED FILE. DO NOT EDIT THIS FILE DIRECTLY.
# yarn lockfile v1


"@types/wicg-mediasession@^1.0.3":
  version "1.0.3"
  resolved "https://registry.yarnpkg.com/@types/wicg-mediasession/-/wicg-mediasession-1.0.3.tgz#1a86bb99bd288a96f7645455195f19677a2bddd7"
  integrity sha512-lijaDXKIEHeyauPVvrlFY899FiIFEFFIYqAgpqgSVhsBUWV5tijbacB1raFObQ024W/Nu1Kd/bys0/v5mqVv/g==

typescript@^3.4.3:
  version "3.4.3"
  resolved "https://registry.yarnpkg.com/typescript/-/typescript-3.4.3.tgz#0eb320e4ace9b10eadf5bc6103286b0f8b7c224f"
  integrity sha512-FFgHdPt4T/duxx6Ndf7hwgMZZjZpB+U0nMNGVCYPq0rEzWKjEDobm4J6yb3CS7naZ0yURFqdw9Gwc7UOh/P9oQ==
